
Microsoft Visual Studio Solution File, Format Version 12.00
# Visual Studio 2013
VisualStudioVersion = 12.0.30626.0
MinimumVisualStudioVersion = 10.0.40219.1
Project("{FAE04EC0-301F-11D3-BF4B-00C04F79EFBC}") = "Patterns.DataAccess", "Patterns.DataAccess\Patterns.DataAccess.csproj", "{17C90DE5-59C9-4E1A-8C10-E34303765AB3}"
EndProject
Project("{FAE04EC0-301F-11D3-BF4B-00C04F79EFBC}") = "Patterns.DataAccess.EF", "Patterns.DataAccess.EF\Patterns.DataAccess.EF.csproj", "{6CEE7AED-837C-42E3-88A5-5D78E6172702}"
EndProject
Project("{FAE04EC0-301F-11D3-BF4B-00C04F79EFBC}") = "Patterns.IoC", "Patterns.IoC\Patterns.IoC.csproj", "{DDBFA1F7-FAC0-4659-AA17-3CAF1A98B186}"
EndProject
Project("{FAE04EC0-301F-11D3-BF4B-00C04F79EFBC}") = "Patterns.IoC.Unity", "Patterns.IoC.Unity\Patterns.IoC.Unity.csproj", "{086920A7-D3B4-4173-8F9A-80873A5E22A8}"
EndProject
Project("{FAE04EC0-301F-11D3-BF4B-00C04F79EFBC}") = "Patterns.Log", "Patterns.Log\Patterns.Log.csproj", "{54C754CC-8086-4428-BDAD-2913C6228CD7}"
EndProject
Project("{2150E333-8FDC-42A3-9474-1A3956D46DE8}") = "IoC", "IoC", "{4006BB48-0578-4BB9-86C0-B10A9A45B9F6}"
EndProject
Project("{2150E333-8FDC-42A3-9474-1A3956D46DE8}") = "Implementations", "Implementations", "{C849DBA3-E081-4AC8-AF9B-F71FB01FF7AD}"
EndProject
Project("{2150E333-8FDC-42A3-9474-1A3956D46DE8}") = "Log", "Log", "{7B0872E4-96C0-4A2E-9A3A-53EE5ADF2971}"
EndProject
Project("{2150E333-8FDC-42A3-9474-1A3956D46DE8}") = "Implementations", "Implementations", "{1BA9365B-857D-4625-A165-5CC129B96F17}"
EndProject
Project("{FAE04EC0-301F-11D3-BF4B-00C04F79EFBC}") = "Patterns.Log.NLog", "Patterns.Log.NLog\Patterns.Log.NLog.csproj", "{A7BCBE9B-9EAD-4ABD-9E97-FA5692D06007}"
EndProject
Project("{2150E333-8FDC-42A3-9474-1A3956D46DE8}") = "DataAccess", "DataAccess", "{50D4CDEF-CAE8-46C8-B615-CBACC1A8F47F}"
EndProject
Project("{2150E333-8FDC-42A3-9474-1A3956D46DE8}") = "Implementations", "Implementations", "{E2BA6D00-DFF7-42FD-AFCF-E37F457793B3}"
EndProject
Project("{2150E333-8FDC-42A3-9474-1A3956D46DE8}") = "MVVM", "MVVM", "{E551AEDD-421F-4283-800E-3EA4EAA04FFC}"
EndProject
Project("{FAE04EC0-301F-11D3-BF4B-00C04F79EFBC}") = "Patterns.MVVM", "Patterns.MVVM\Patterns.MVVM.csproj", "{879FD5DB-4179-463B-87DF-76186581CAAE}"
EndProject
Project("{FAE04EC0-301F-11D3-BF4B-00C04F79EFBC}") = "Patterns.RequestHandlerResponse", "Patterns.RequestHandlerResponse\Patterns.RequestHandlerResponse.csproj", "{54F88416-EFCC-4D42-91E0-500AAB4DDBA6}"
EndProject
Project("{2150E333-8FDC-42A3-9474-1A3956D46DE8}") = "Other", "Other", "{718D83B3-8055-4CDA-891F-5F0CBFBCB2C4}"
EndProject
Project("{2150E333-8FDC-42A3-9474-1A3956D46DE8}") = "RRSL", "RRSL", "{BCC9854A-3717-4C81-BB21-2976C9123F0B}"
EndProject
Project("{FAE04EC0-301F-11D3-BF4B-00C04F79EFBC}") = "Patterns.DataAccess.Tests", "Patterns.DataAccess.Tests\Patterns.DataAccess.Tests.csproj", "{B6FFF544-89D5-40DC-A2C2-28262C9C6713}"
EndProject
Project("{FAE04EC0-301F-11D3-BF4B-00C04F79EFBC}") = "Patterns.MVVM.Tests", "Patterns.MVVM.Tests\Patterns.MVVM.Tests.csproj", "{F731B8AF-B8D9-447D-AE59-24F118A25FC0}"
EndProject
Project("{FAE04EC0-301F-11D3-BF4B-00C04F79EFBC}") = "Patterns.RequestHandlerResponse.Tests", "Patterns.RequestHandlerResponse.Tests\Patterns.RequestHandlerResponse.Tests.csproj", "{44BC2CA1-D886-45F0-8034-C87C3876784A}"
EndProject
Global
	GlobalSection(SolutionConfigurationPlatforms) = preSolution
		Debug|Any CPU = Debug|Any CPU
		Release|Any CPU = Release|Any CPU
	EndGlobalSection
	GlobalSection(ProjectConfigurationPlatforms) = postSolution
		{17C90DE5-59C9-4E1A-8C10-E34303765AB3}.Debug|Any CPU.ActiveCfg = Debug|Any CPU
		{17C90DE5-59C9-4E1A-8C10-E34303765AB3}.Debug|Any CPU.Build.0 = Debug|Any CPU
		{17C90DE5-59C9-4E1A-8C10-E34303765AB3}.Release|Any CPU.ActiveCfg = Release|Any CPU
		{17C90DE5-59C9-4E1A-8C10-E34303765AB3}.Release|Any CPU.Build.0 = Release|Any CPU
		{6CEE7AED-837C-42E3-88A5-5D78E6172702}.Debug|Any CPU.ActiveCfg = Debug|Any CPU
		{6CEE7AED-837C-42E3-88A5-5D78E6172702}.Debug|Any CPU.Build.0 = Debug|Any CPU
		{6CEE7AED-837C-42E3-88A5-5D78E6172702}.Release|Any CPU.ActiveCfg = Release|Any CPU
		{6CEE7AED-837C-42E3-88A5-5D78E6172702}.Release|Any CPU.Build.0 = Release|Any CPU
		{DDBFA1F7-FAC0-4659-AA17-3CAF1A98B186}.Debug|Any CPU.ActiveCfg = Debug|Any CPU
		{DDBFA1F7-FAC0-4659-AA17-3CAF1A98B186}.Debug|Any CPU.Build.0 = Debug|Any CPU
		{DDBFA1F7-FAC0-4659-AA17-3CAF1A98B186}.Release|Any CPU.ActiveCfg = Release|Any CPU
		{DDBFA1F7-FAC0-4659-AA17-3CAF1A98B186}.Release|Any CPU.Build.0 = Release|Any CPU
		{086920A7-D3B4-4173-8F9A-80873A5E22A8}.Debug|Any CPU.ActiveCfg = Debug|Any CPU
		{086920A7-D3B4-4173-8F9A-80873A5E22A8}.Debug|Any CPU.Build.0 = Debug|Any CPU
		{086920A7-D3B4-4173-8F9A-80873A5E22A8}.Release|Any CPU.ActiveCfg = Release|Any CPU
		{086920A7-D3B4-4173-8F9A-80873A5E22A8}.Release|Any CPU.Build.0 = Release|Any CPU
		{54C754CC-8086-4428-BDAD-2913C6228CD7}.Debug|Any CPU.ActiveCfg = Debug|Any CPU
		{54C754CC-8086-4428-BDAD-2913C6228CD7}.Debug|Any CPU.Build.0 = Debug|Any CPU
		{54C754CC-8086-4428-BDAD-2913C6228CD7}.Release|Any CPU.ActiveCfg = Release|Any CPU
		{54C754CC-8086-4428-BDAD-2913C6228CD7}.Release|Any CPU.Build.0 = Release|Any CPU
		{A7BCBE9B-9EAD-4ABD-9E97-FA5692D06007}.Debug|Any CPU.ActiveCfg = Debug|Any CPU
		{A7BCBE9B-9EAD-4ABD-9E97-FA5692D06007}.Debug|Any CPU.Build.0 = Debug|Any CPU
		{A7BCBE9B-9EAD-4ABD-9E97-FA5692D06007}.Release|Any CPU.ActiveCfg = Release|Any CPU
		{A7BCBE9B-9EAD-4ABD-9E97-FA5692D06007}.Release|Any CPU.Build.0 = Release|Any CPU
		{879FD5DB-4179-463B-87DF-76186581CAAE}.Debug|Any CPU.ActiveCfg = Debug|Any CPU
		{879FD5DB-4179-463B-87DF-76186581CAAE}.Debug|Any CPU.Build.0 = Debug|Any CPU
		{879FD5DB-4179-463B-87DF-76186581CAAE}.Release|Any CPU.ActiveCfg = Release|Any CPU
		{879FD5DB-4179-463B-87DF-76186581CAAE}.Release|Any CPU.Build.0 = Release|Any CPU
		{54F88416-EFCC-4D42-91E0-500AAB4DDBA6}.Debug|Any CPU.ActiveCfg = Debug|Any CPU
		{54F88416-EFCC-4D42-91E0-500AAB4DDBA6}.Debug|Any CPU.Build.0 = Debug|Any CPU
		{54F88416-EFCC-4D42-91E0-500AAB4DDBA6}.Release|Any CPU.ActiveCfg = Release|Any CPU
		{54F88416-EFCC-4D42-91E0-500AAB4DDBA6}.Release|Any CPU.Build.0 = Release|Any CPU
		{B6FFF544-89D5-40DC-A2C2-28262C9C6713}.Debug|Any CPU.ActiveCfg = Debug|Any CPU
		{B6FFF544-89D5-40DC-A2C2-28262C9C6713}.Debug|Any CPU.Build.0 = Debug|Any CPU
		{B6FFF544-89D5-40DC-A2C2-28262C9C6713}.Release|Any CPU.ActiveCfg = Release|Any CPU
		{B6FFF544-89D5-40DC-A2C2-28262C9C6713}.Release|Any CPU.Build.0 = Release|Any CPU
		{F731B8AF-B8D9-447D-AE59-24F118A25FC0}.Debug|Any CPU.ActiveCfg = Debug|Any CPU
		{F731B8AF-B8D9-447D-AE59-24F118A25FC0}.Debug|Any CPU.Build.0 = Debug|Any CPU
		{F731B8AF-B8D9-447D-AE59-24F118A25FC0}.Release|Any CPU.ActiveCfg = Release|Any CPU
		{F731B8AF-B8D9-447D-AE59-24F118A25FC0}.Release|Any CPU.Build.0 = Release|Any CPU
		{44BC2CA1-D886-45F0-8034-C87C3876784A}.Debug|Any CPU.ActiveCfg = Debug|Any CPU
		{44BC2CA1-D886-45F0-8034-C87C3876784A}.Debug|Any CPU.Build.0 = Debug|Any CPU
		{44BC2CA1-D886-45F0-8034-C87C3876784A}.Release|Any CPU.ActiveCfg = Release|Any CPU
		{44BC2CA1-D886-45F0-8034-C87C3876784A}.Release|Any CPU.Build.0 = Release|Any CPU
	EndGlobalSection
	GlobalSection(SolutionProperties) = preSolution
		HideSolutionNode = FALSE
	EndGlobalSection
	GlobalSection(NestedProjects) = preSolution
		{17C90DE5-59C9-4E1A-8C10-E34303765AB3} = {50D4CDEF-CAE8-46C8-B615-CBACC1A8F47F}
		{6CEE7AED-837C-42E3-88A5-5D78E6172702} = {E2BA6D00-DFF7-42FD-AFCF-E37F457793B3}
		{DDBFA1F7-FAC0-4659-AA17-3CAF1A98B186} = {4006BB48-0578-4BB9-86C0-B10A9A45B9F6}
		{086920A7-D3B4-4173-8F9A-80873A5E22A8} = {C849DBA3-E081-4AC8-AF9B-F71FB01FF7AD}
		{54C754CC-8086-4428-BDAD-2913C6228CD7} = {7B0872E4-96C0-4A2E-9A3A-53EE5ADF2971}
		{C849DBA3-E081-4AC8-AF9B-F71FB01FF7AD} = {4006BB48-0578-4BB9-86C0-B10A9A45B9F6}
		{1BA9365B-857D-4625-A165-5CC129B96F17} = {7B0872E4-96C0-4A2E-9A3A-53EE5ADF2971}
		{A7BCBE9B-9EAD-4ABD-9E97-FA5692D06007} = {1BA9365B-857D-4625-A165-5CC129B96F17}
		{E2BA6D00-DFF7-42FD-AFCF-E37F457793B3} = {50D4CDEF-CAE8-46C8-B615-CBACC1A8F47F}
		{879FD5DB-4179-463B-87DF-76186581CAAE} = {E551AEDD-421F-4283-800E-3EA4EAA04FFC}
		{54F88416-EFCC-4D42-91E0-500AAB4DDBA6} = {BCC9854A-3717-4C81-BB21-2976C9123F0B}
		{BCC9854A-3717-4C81-BB21-2976C9123F0B} = {718D83B3-8055-4CDA-891F-5F0CBFBCB2C4}
		{B6FFF544-89D5-40DC-A2C2-28262C9C6713} = {50D4CDEF-CAE8-46C8-B615-CBACC1A8F47F}
		{F731B8AF-B8D9-447D-AE59-24F118A25FC0} = {E551AEDD-421F-4283-800E-3EA4EAA04FFC}
		{44BC2CA1-D886-45F0-8034-C87C3876784A} = {BCC9854A-3717-4C81-BB21-2976C9123F0B}
	EndGlobalSection
EndGlobal
