
Microsoft Visual Studio Solution File, Format Version 12.00
# Visual Studio 2013
VisualStudioVersion = 12.0.21005.1
MinimumVisualStudioVersion = 10.0.40219.1
Project("{FAE04EC0-301F-11D3-BF4B-00C04F79EFBC}") = "EntitySamples.Infrastructure", "EntitySamples.Infrastructure\EntitySamples.Infrastructure.csproj", "{0C295A21-E0CE-401B-BC7F-43E2C1581030}"
EndProject
Project("{FAE04EC0-301F-11D3-BF4B-00C04F79EFBC}") = "Samples.Tests", "Samples.Tests\Samples.Tests.csproj", "{9C8CBDE1-C2A4-4BEE-A073-F3ABA6DC8C2B}"
EndProject
Project("{FAE04EC0-301F-11D3-BF4B-00C04F79EFBC}") = "EntitySamples.DataModel", "EntitySamples.DataModel\EntitySamples.DataModel.csproj", "{F20ABA52-419B-4DCC-B1A3-4439E8027330}"
EndProject
Global
	GlobalSection(SolutionConfigurationPlatforms) = preSolution
		Debug|Any CPU = Debug|Any CPU
		Release|Any CPU = Release|Any CPU
	EndGlobalSection
	GlobalSection(ProjectConfigurationPlatforms) = postSolution
		{0C295A21-E0CE-401B-BC7F-43E2C1581030}.Debug|Any CPU.ActiveCfg = Debug|Any CPU
		{0C295A21-E0CE-401B-BC7F-43E2C1581030}.Debug|Any CPU.Build.0 = Debug|Any CPU
		{0C295A21-E0CE-401B-BC7F-43E2C1581030}.Release|Any CPU.ActiveCfg = Release|Any CPU
		{0C295A21-E0CE-401B-BC7F-43E2C1581030}.Release|Any CPU.Build.0 = Release|Any CPU
		{9C8CBDE1-C2A4-4BEE-A073-F3ABA6DC8C2B}.Debug|Any CPU.ActiveCfg = Debug|Any CPU
		{9C8CBDE1-C2A4-4BEE-A073-F3ABA6DC8C2B}.Debug|Any CPU.Build.0 = Debug|Any CPU
		{9C8CBDE1-C2A4-4BEE-A073-F3ABA6DC8C2B}.Release|Any CPU.ActiveCfg = Release|Any CPU
		{9C8CBDE1-C2A4-4BEE-A073-F3ABA6DC8C2B}.Release|Any CPU.Build.0 = Release|Any CPU
		{F20ABA52-419B-4DCC-B1A3-4439E8027330}.Debug|Any CPU.ActiveCfg = Debug|Any CPU
		{F20ABA52-419B-4DCC-B1A3-4439E8027330}.Debug|Any CPU.Build.0 = Debug|Any CPU
		{F20ABA52-419B-4DCC-B1A3-4439E8027330}.Release|Any CPU.ActiveCfg = Release|Any CPU
		{F20ABA52-419B-4DCC-B1A3-4439E8027330}.Release|Any CPU.Build.0 = Release|Any CPU
	EndGlobalSection
	GlobalSection(SolutionProperties) = preSolution
		HideSolutionNode = FALSE
	EndGlobalSection
EndGlobal
