
Microsoft Visual Studio Solution File, Format Version 12.00
# Visual Studio 2013
VisualStudioVersion = 12.0.30626.0
MinimumVisualStudioVersion = 10.0.40219.1
Project("{FAE04EC0-301F-11D3-BF4B-00C04F79EFBC}") = "TE003", "TE003\TE003.csproj", "{EA0DC348-186D-4BAC-BEBC-41781BF59CFB}"
EndProject
Project("{FAE04EC0-301F-11D3-BF4B-00C04F79EFBC}") = "TE005", "TE005\TE005.csproj", "{009DD466-C988-4738-A84F-7D3F5933CFEF}"
EndProject
Project("{FAE04EC0-301F-11D3-BF4B-00C04F79EFBC}") = "TE006", "TE006\TE006.csproj", "{0029F08A-901F-4336-8825-C3CF1F008FE8}"
EndProject
Project("{FAE04EC0-301F-11D3-BF4B-00C04F79EFBC}") = "TE007", "TE007\TE007.csproj", "{4C168057-CAB6-4FAB-8E05-2FFE83ED5513}"
EndProject
Project("{FAE04EC0-301F-11D3-BF4B-00C04F79EFBC}") = "TE008", "TE008\TE008.csproj", "{64D5B740-057D-415F-AE0A-5E4E5D63E178}"
EndProject
Project("{FAE04EC0-301F-11D3-BF4B-00C04F79EFBC}") = "TE013", "TE013\TE013.csproj", "{3CBD0537-0920-4EBA-9099-6D1990AA1D18}"
EndProject
Project("{FAE04EC0-301F-11D3-BF4B-00C04F79EFBC}") = "TE015", "TE015\TE015.csproj", "{E64272A4-0379-4531-8050-97943F49262D}"
EndProject
Project("{2150E333-8FDC-42A3-9474-1A3956D46DE8}") = "Algorithm examples", "Algorithm examples", "{127AB21F-E293-46ED-BF61-045B0F414314}"
EndProject
Project("{2150E333-8FDC-42A3-9474-1A3956D46DE8}") = "Theoretical examples", "Theoretical examples", "{2AEBB3D0-0692-484C-B17E-3662FF71B9DD}"
EndProject
Project("{FAE04EC0-301F-11D3-BF4B-00C04F79EFBC}") = "TaskQueue", "TaskQueue\TaskQueue.csproj", "{F6FDF27C-7179-4447-B841-C75AAF4B7771}"
EndProject
Project("{FAE04EC0-301F-11D3-BF4B-00C04F79EFBC}") = "TE017", "TE017\TE017.csproj", "{B8353D0A-CF89-41C6-954F-879CCAA2F5C5}"
EndProject
Project("{FAE04EC0-301F-11D3-BF4B-00C04F79EFBC}") = "TE005b", "TE005b\TE005b.csproj", "{54A17460-DD59-4DC7-96AD-F55F823D4310}"
EndProject
Project("{FAE04EC0-301F-11D3-BF4B-00C04F79EFBC}") = "TE005c", "TE005c\TE005c.csproj", "{437741FB-854F-4F90-8B30-0E0D1896EBDF}"
EndProject
Project("{FAE04EC0-301F-11D3-BF4B-00C04F79EFBC}") = "TE018", "TE018\TE018.csproj", "{F4B4307A-8498-4DA1-9B42-C1F543E51041}"
EndProject
Project("{2150E333-8FDC-42A3-9474-1A3956D46DE8}") = "TE018AsyncAwait", "TE018AsyncAwait", "{99A36276-82B8-4D43-A7A0-7F5C9243066A}"
EndProject
Project("{FAE04EC0-301F-11D3-BF4B-00C04F79EFBC}") = "TE020", "TE020\TE020.csproj", "{8937EEC3-83FC-4A70-93BD-A9D08B2B2604}"
EndProject
Project("{2150E333-8FDC-42A3-9474-1A3956D46DE8}") = "TE001ThreadBasics", "TE001ThreadBasics", "{DF6CA7DE-C323-4332-9C80-388FFE7DB463}"
EndProject
Project("{2150E333-8FDC-42A3-9474-1A3956D46DE8}") = "TE021Collections", "TE021Collections", "{E8F82FB3-E08E-4039-9CB8-1A8AD3F1852D}"
EndProject
Project("{2150E333-8FDC-42A3-9474-1A3956D46DE8}") = "Solution Items", "Solution Items", "{DD44E398-B0C8-4547-B320-FE7E02FB8011}"
	ProjectSection(SolutionItems) = preProject
		readme.md = readme.md
	EndProjectSection
EndProject
Project("{FAE04EC0-301F-11D3-BF4B-00C04F79EFBC}") = "MultithreadingExamples", "MultithreadingExamples\MultithreadingExamples.csproj", "{9F9E4BEC-4B41-4C61-8F37-F9B1B95EA5B8}"
EndProject
Project("{FAE04EC0-301F-11D3-BF4B-00C04F79EFBC}") = "MultithreadingExamples.Tests", "MultithreadingExamples.Tests\MultithreadingExamples.Tests.csproj", "{449AFB08-30EC-4B84-A5AC-CF714FF2EA98}"
EndProject
Project("{FAE04EC0-301F-11D3-BF4B-00C04F79EFBC}") = "MultithreadingExamples.ConsoleApp", "MultithreadingExamples.ConsoleApp\MultithreadingExamples.ConsoleApp.csproj", "{B5732F4F-1601-452D-88C1-4B256925767B}"
EndProject
Project("{FAE04EC0-301F-11D3-BF4B-00C04F79EFBC}") = "MultithreadingExamples.WpfApp", "MultithreadingExamples.WpfApp\MultithreadingExamples.WpfApp.csproj", "{674C1C72-8CD4-412B-8451-E9E8A9C5D149}"
EndProject
Global
	GlobalSection(SolutionConfigurationPlatforms) = preSolution
		Debug|Any CPU = Debug|Any CPU
		Release|Any CPU = Release|Any CPU
	EndGlobalSection
	GlobalSection(ProjectConfigurationPlatforms) = postSolution
		{EA0DC348-186D-4BAC-BEBC-41781BF59CFB}.Debug|Any CPU.ActiveCfg = Debug|Any CPU
		{EA0DC348-186D-4BAC-BEBC-41781BF59CFB}.Debug|Any CPU.Build.0 = Debug|Any CPU
		{EA0DC348-186D-4BAC-BEBC-41781BF59CFB}.Release|Any CPU.ActiveCfg = Release|Any CPU
		{EA0DC348-186D-4BAC-BEBC-41781BF59CFB}.Release|Any CPU.Build.0 = Release|Any CPU
		{009DD466-C988-4738-A84F-7D3F5933CFEF}.Debug|Any CPU.ActiveCfg = Debug|Any CPU
		{009DD466-C988-4738-A84F-7D3F5933CFEF}.Debug|Any CPU.Build.0 = Debug|Any CPU
		{009DD466-C988-4738-A84F-7D3F5933CFEF}.Release|Any CPU.ActiveCfg = Release|Any CPU
		{009DD466-C988-4738-A84F-7D3F5933CFEF}.Release|Any CPU.Build.0 = Release|Any CPU
		{0029F08A-901F-4336-8825-C3CF1F008FE8}.Debug|Any CPU.ActiveCfg = Debug|Any CPU
		{0029F08A-901F-4336-8825-C3CF1F008FE8}.Debug|Any CPU.Build.0 = Debug|Any CPU
		{0029F08A-901F-4336-8825-C3CF1F008FE8}.Release|Any CPU.ActiveCfg = Release|Any CPU
		{0029F08A-901F-4336-8825-C3CF1F008FE8}.Release|Any CPU.Build.0 = Release|Any CPU
		{4C168057-CAB6-4FAB-8E05-2FFE83ED5513}.Debug|Any CPU.ActiveCfg = Debug|Any CPU
		{4C168057-CAB6-4FAB-8E05-2FFE83ED5513}.Debug|Any CPU.Build.0 = Debug|Any CPU
		{4C168057-CAB6-4FAB-8E05-2FFE83ED5513}.Release|Any CPU.ActiveCfg = Release|Any CPU
		{4C168057-CAB6-4FAB-8E05-2FFE83ED5513}.Release|Any CPU.Build.0 = Release|Any CPU
		{64D5B740-057D-415F-AE0A-5E4E5D63E178}.Debug|Any CPU.ActiveCfg = Debug|Any CPU
		{64D5B740-057D-415F-AE0A-5E4E5D63E178}.Debug|Any CPU.Build.0 = Debug|Any CPU
		{64D5B740-057D-415F-AE0A-5E4E5D63E178}.Release|Any CPU.ActiveCfg = Release|Any CPU
		{64D5B740-057D-415F-AE0A-5E4E5D63E178}.Release|Any CPU.Build.0 = Release|Any CPU
		{3CBD0537-0920-4EBA-9099-6D1990AA1D18}.Debug|Any CPU.ActiveCfg = Debug|Any CPU
		{3CBD0537-0920-4EBA-9099-6D1990AA1D18}.Debug|Any CPU.Build.0 = Debug|Any CPU
		{3CBD0537-0920-4EBA-9099-6D1990AA1D18}.Release|Any CPU.ActiveCfg = Release|Any CPU
		{3CBD0537-0920-4EBA-9099-6D1990AA1D18}.Release|Any CPU.Build.0 = Release|Any CPU
		{E64272A4-0379-4531-8050-97943F49262D}.Debug|Any CPU.ActiveCfg = Debug|Any CPU
		{E64272A4-0379-4531-8050-97943F49262D}.Debug|Any CPU.Build.0 = Debug|Any CPU
		{E64272A4-0379-4531-8050-97943F49262D}.Release|Any CPU.ActiveCfg = Release|Any CPU
		{E64272A4-0379-4531-8050-97943F49262D}.Release|Any CPU.Build.0 = Release|Any CPU
		{F6FDF27C-7179-4447-B841-C75AAF4B7771}.Debug|Any CPU.ActiveCfg = Debug|Any CPU
		{F6FDF27C-7179-4447-B841-C75AAF4B7771}.Debug|Any CPU.Build.0 = Debug|Any CPU
		{F6FDF27C-7179-4447-B841-C75AAF4B7771}.Release|Any CPU.ActiveCfg = Release|Any CPU
		{F6FDF27C-7179-4447-B841-C75AAF4B7771}.Release|Any CPU.Build.0 = Release|Any CPU
		{B8353D0A-CF89-41C6-954F-879CCAA2F5C5}.Debug|Any CPU.ActiveCfg = Debug|Any CPU
		{B8353D0A-CF89-41C6-954F-879CCAA2F5C5}.Debug|Any CPU.Build.0 = Debug|Any CPU
		{B8353D0A-CF89-41C6-954F-879CCAA2F5C5}.Release|Any CPU.ActiveCfg = Release|Any CPU
		{B8353D0A-CF89-41C6-954F-879CCAA2F5C5}.Release|Any CPU.Build.0 = Release|Any CPU
		{54A17460-DD59-4DC7-96AD-F55F823D4310}.Debug|Any CPU.ActiveCfg = Debug|Any CPU
		{54A17460-DD59-4DC7-96AD-F55F823D4310}.Debug|Any CPU.Build.0 = Debug|Any CPU
		{54A17460-DD59-4DC7-96AD-F55F823D4310}.Release|Any CPU.ActiveCfg = Release|Any CPU
		{54A17460-DD59-4DC7-96AD-F55F823D4310}.Release|Any CPU.Build.0 = Release|Any CPU
		{437741FB-854F-4F90-8B30-0E0D1896EBDF}.Debug|Any CPU.ActiveCfg = Debug|Any CPU
		{437741FB-854F-4F90-8B30-0E0D1896EBDF}.Debug|Any CPU.Build.0 = Debug|Any CPU
		{437741FB-854F-4F90-8B30-0E0D1896EBDF}.Release|Any CPU.ActiveCfg = Release|Any CPU
		{437741FB-854F-4F90-8B30-0E0D1896EBDF}.Release|Any CPU.Build.0 = Release|Any CPU
		{F4B4307A-8498-4DA1-9B42-C1F543E51041}.Debug|Any CPU.ActiveCfg = Debug|Any CPU
		{F4B4307A-8498-4DA1-9B42-C1F543E51041}.Debug|Any CPU.Build.0 = Debug|Any CPU
		{F4B4307A-8498-4DA1-9B42-C1F543E51041}.Release|Any CPU.ActiveCfg = Release|Any CPU
		{F4B4307A-8498-4DA1-9B42-C1F543E51041}.Release|Any CPU.Build.0 = Release|Any CPU
		{8937EEC3-83FC-4A70-93BD-A9D08B2B2604}.Debug|Any CPU.ActiveCfg = Debug|Any CPU
		{8937EEC3-83FC-4A70-93BD-A9D08B2B2604}.Debug|Any CPU.Build.0 = Debug|Any CPU
		{8937EEC3-83FC-4A70-93BD-A9D08B2B2604}.Release|Any CPU.ActiveCfg = Release|Any CPU
		{8937EEC3-83FC-4A70-93BD-A9D08B2B2604}.Release|Any CPU.Build.0 = Release|Any CPU
		{9F9E4BEC-4B41-4C61-8F37-F9B1B95EA5B8}.Debug|Any CPU.ActiveCfg = Debug|Any CPU
		{9F9E4BEC-4B41-4C61-8F37-F9B1B95EA5B8}.Debug|Any CPU.Build.0 = Debug|Any CPU
		{9F9E4BEC-4B41-4C61-8F37-F9B1B95EA5B8}.Release|Any CPU.ActiveCfg = Release|Any CPU
		{9F9E4BEC-4B41-4C61-8F37-F9B1B95EA5B8}.Release|Any CPU.Build.0 = Release|Any CPU
		{449AFB08-30EC-4B84-A5AC-CF714FF2EA98}.Debug|Any CPU.ActiveCfg = Debug|Any CPU
		{449AFB08-30EC-4B84-A5AC-CF714FF2EA98}.Debug|Any CPU.Build.0 = Debug|Any CPU
		{449AFB08-30EC-4B84-A5AC-CF714FF2EA98}.Release|Any CPU.ActiveCfg = Release|Any CPU
		{449AFB08-30EC-4B84-A5AC-CF714FF2EA98}.Release|Any CPU.Build.0 = Release|Any CPU
		{B5732F4F-1601-452D-88C1-4B256925767B}.Debug|Any CPU.ActiveCfg = Debug|Any CPU
		{B5732F4F-1601-452D-88C1-4B256925767B}.Debug|Any CPU.Build.0 = Debug|Any CPU
		{B5732F4F-1601-452D-88C1-4B256925767B}.Release|Any CPU.ActiveCfg = Release|Any CPU
		{B5732F4F-1601-452D-88C1-4B256925767B}.Release|Any CPU.Build.0 = Release|Any CPU
		{674C1C72-8CD4-412B-8451-E9E8A9C5D149}.Debug|Any CPU.ActiveCfg = Debug|Any CPU
		{674C1C72-8CD4-412B-8451-E9E8A9C5D149}.Debug|Any CPU.Build.0 = Debug|Any CPU
		{674C1C72-8CD4-412B-8451-E9E8A9C5D149}.Release|Any CPU.ActiveCfg = Release|Any CPU
		{674C1C72-8CD4-412B-8451-E9E8A9C5D149}.Release|Any CPU.Build.0 = Release|Any CPU
	EndGlobalSection
	GlobalSection(SolutionProperties) = preSolution
		HideSolutionNode = FALSE
	EndGlobalSection
	GlobalSection(NestedProjects) = preSolution
		{EA0DC348-186D-4BAC-BEBC-41781BF59CFB} = {DF6CA7DE-C323-4332-9C80-388FFE7DB463}
		{009DD466-C988-4738-A84F-7D3F5933CFEF} = {2AEBB3D0-0692-484C-B17E-3662FF71B9DD}
		{0029F08A-901F-4336-8825-C3CF1F008FE8} = {2AEBB3D0-0692-484C-B17E-3662FF71B9DD}
		{4C168057-CAB6-4FAB-8E05-2FFE83ED5513} = {2AEBB3D0-0692-484C-B17E-3662FF71B9DD}
		{64D5B740-057D-415F-AE0A-5E4E5D63E178} = {2AEBB3D0-0692-484C-B17E-3662FF71B9DD}
		{3CBD0537-0920-4EBA-9099-6D1990AA1D18} = {2AEBB3D0-0692-484C-B17E-3662FF71B9DD}
		{E64272A4-0379-4531-8050-97943F49262D} = {2AEBB3D0-0692-484C-B17E-3662FF71B9DD}
		{F6FDF27C-7179-4447-B841-C75AAF4B7771} = {127AB21F-E293-46ED-BF61-045B0F414314}
		{B8353D0A-CF89-41C6-954F-879CCAA2F5C5} = {2AEBB3D0-0692-484C-B17E-3662FF71B9DD}
		{54A17460-DD59-4DC7-96AD-F55F823D4310} = {2AEBB3D0-0692-484C-B17E-3662FF71B9DD}
		{437741FB-854F-4F90-8B30-0E0D1896EBDF} = {2AEBB3D0-0692-484C-B17E-3662FF71B9DD}
		{F4B4307A-8498-4DA1-9B42-C1F543E51041} = {99A36276-82B8-4D43-A7A0-7F5C9243066A}
		{99A36276-82B8-4D43-A7A0-7F5C9243066A} = {2AEBB3D0-0692-484C-B17E-3662FF71B9DD}
		{8937EEC3-83FC-4A70-93BD-A9D08B2B2604} = {99A36276-82B8-4D43-A7A0-7F5C9243066A}
		{DF6CA7DE-C323-4332-9C80-388FFE7DB463} = {2AEBB3D0-0692-484C-B17E-3662FF71B9DD}
		{E8F82FB3-E08E-4039-9CB8-1A8AD3F1852D} = {2AEBB3D0-0692-484C-B17E-3662FF71B9DD}
	EndGlobalSection
EndGlobal
